
Microsoft Visual Studio Solution File, Format Version 12.00
# Visual Studio Version 16
VisualStudioVersion = 16.0.29709.97
MinimumVisualStudioVersion = 10.0.40219.1
Project("{00D1A9C2-B5F0-4AF3-8072-F6C62B433612}") = "DatabaseTestLibrary", "DatabaseTestLibrary.sqlproj", "{68263C94-748D-4FA7-B6CD-F29C7EB9F809}"
EndProject
Project("{FAE04EC0-301F-11D3-BF4B-00C04F79EFBC}") = "SQLSample", "..\SQLApp\SQLSample.csproj", "{7973877C-3ADE-4E3F-9AEB-B1099FA37EB7}"
EndProject
Global
	GlobalSection(SolutionConfigurationPlatforms) = preSolution
		Debug|Any CPU = Debug|Any CPU
		Release|Any CPU = Release|Any CPU
	EndGlobalSection
	GlobalSection(ProjectConfigurationPlatforms) = postSolution
		{68263C94-748D-4FA7-B6CD-F29C7EB9F809}.Debug|Any CPU.ActiveCfg = Debug|Any CPU
		{68263C94-748D-4FA7-B6CD-F29C7EB9F809}.Debug|Any CPU.Build.0 = Debug|Any CPU
		{68263C94-748D-4FA7-B6CD-F29C7EB9F809}.Debug|Any CPU.Deploy.0 = Debug|Any CPU
		{68263C94-748D-4FA7-B6CD-F29C7EB9F809}.Release|Any CPU.ActiveCfg = Release|Any CPU
		{68263C94-748D-4FA7-B6CD-F29C7EB9F809}.Release|Any CPU.Build.0 = Release|Any CPU
		{68263C94-748D-4FA7-B6CD-F29C7EB9F809}.Release|Any CPU.Deploy.0 = Release|Any CPU
		{7973877C-3ADE-4E3F-9AEB-B1099FA37EB7}.Debug|Any CPU.ActiveCfg = Debug|Any CPU
		{7973877C-3ADE-4E3F-9AEB-B1099FA37EB7}.Debug|Any CPU.Build.0 = Debug|Any CPU
		{7973877C-3ADE-4E3F-9AEB-B1099FA37EB7}.Release|Any CPU.ActiveCfg = Release|Any CPU
		{7973877C-3ADE-4E3F-9AEB-B1099FA37EB7}.Release|Any CPU.Build.0 = Release|Any CPU
	EndGlobalSection
	GlobalSection(SolutionProperties) = preSolution
		HideSolutionNode = FALSE
	EndGlobalSection
	GlobalSection(ExtensibilityGlobals) = postSolution
		SolutionGuid = {9B11A989-49F5-47C7-9638-7BF65DEA21A1}
	EndGlobalSection
EndGlobal
